// !$*UTF8*$!
{
	archiveVersion = 1;
	classes = {
	};
	objectVersion = 50;
	objects = {

/* Begin PBXBuildFile section */
		9410E34524E2DC180059786D /* AppDelegate.swift in Sources */ = {isa = PBXBuildFile; fileRef = 9410E34424E2DC180059786D /* AppDelegate.swift */; };
		9410E34724E2DC180059786D /* SceneDelegate.swift in Sources */ = {isa = PBXBuildFile; fileRef = 9410E34624E2DC180059786D /* SceneDelegate.swift */; };
		9410E34924E2DC180059786D /* ContentView.swift in Sources */ = {isa = PBXBuildFile; fileRef = 9410E34824E2DC180059786D /* ContentView.swift */; };
		9410E34B24E2DC1C0059786D /* Assets.xcassets in Resources */ = {isa = PBXBuildFile; fileRef = 9410E34A24E2DC1C0059786D /* Assets.xcassets */; };
		9410E34E24E2DC1C0059786D /* Preview Assets.xcassets in Resources */ = {isa = PBXBuildFile; fileRef = 9410E34D24E2DC1C0059786D /* Preview Assets.xcassets */; };
		9410E35124E2DC1C0059786D /* LaunchScreen.storyboard in Resources */ = {isa = PBXBuildFile; fileRef = 9410E34F24E2DC1C0059786D /* LaunchScreen.storyboard */; };
		9410E35C24E2DC1C0059786D /* Music_PlayerTests.swift in Sources */ = {isa = PBXBuildFile; fileRef = 9410E35B24E2DC1C0059786D /* Music_PlayerTests.swift */; };
		9410E36724E2DC1C0059786D /* Music_PlayerUITests.swift in Sources */ = {isa = PBXBuildFile; fileRef = 9410E36624E2DC1C0059786D /* Music_PlayerUITests.swift */; };
/* End PBXBuildFile section */

/* Begin PBXContainerItemProxy section */
		9410E35824E2DC1C0059786D /* PBXContainerItemProxy */ = {
			isa = PBXContainerItemProxy;
			containerPortal = 9410E33924E2DC180059786D /* Project object */;
			proxyType = 1;
			remoteGlobalIDString = 9410E34024E2DC180059786D;
			remoteInfo = "Music Player";
		};
		9410E36324E2DC1C0059786D /* PBXContainerItemProxy */ = {
			isa = PBXContainerItemProxy;
			containerPortal = 9410E33924E2DC180059786D /* Project object */;
			proxyType = 1;
			remoteGlobalIDString = 9410E34024E2DC180059786D;
			remoteInfo = "Music Player";
		};
/* End PBXContainerItemProxy section */

/* Begin PBXFileReference section */
		9410E34124E2DC180059786D /* Music Player.app */ = {isa = PBXFileReference; explicitFileType = wrapper.application; includeInIndex = 0; path = "Music Player.app"; sourceTree = BUILT_PRODUCTS_DIR; };
		9410E34424E2DC180059786D /* AppDelegate.swift */ = {isa = PBXFileReference; lastKnownFileType = sourcecode.swift; path = AppDelegate.swift; sourceTree = "<group>"; };
		9410E34624E2DC180059786D /* SceneDelegate.swift */ = {isa = PBXFileReference; lastKnownFileType = sourcecode.swift; path = SceneDelegate.swift; sourceTree = "<group>"; };
		9410E34824E2DC180059786D /* ContentView.swift */ = {isa = PBXFileReference; lastKnownFileType = sourcecode.swift; path = ContentView.swift; sourceTree = "<group>"; };
		9410E34A24E2DC1C0059786D /* Assets.xcassets */ = {isa = PBXFileReference; lastKnownFileType = folder.assetcatalog; path = Assets.xcassets; sourceTree = "<group>"; };
		9410E34D24E2DC1C0059786D /* Preview Assets.xcassets */ = {isa = PBXFileReference; lastKnownFileType = folder.assetcatalog; path = "Preview Assets.xcassets"; sourceTree = "<group>"; };
		9410E35024E2DC1C0059786D /* Base */ = {isa = PBXFileReference; lastKnownFileType = file.storyboard; name = Base; path = Base.lproj/LaunchScreen.storyboard; sourceTree = "<group>"; };
		9410E35224E2DC1C0059786D /* Info.plist */ = {isa = PBXFileReference; lastKnownFileType = text.plist.xml; path = Info.plist; sourceTree = "<group>"; };
		9410E35724E2DC1C0059786D /* Music PlayerTests.xctest */ = {isa = PBXFileReference; explicitFileType = wrapper.cfbundle; includeInIndex = 0; path = "Music PlayerTests.xctest"; sourceTree = BUILT_PRODUCTS_DIR; };
		9410E35B24E2DC1C0059786D /* Music_PlayerTests.swift */ = {isa = PBXFileReference; lastKnownFileType = sourcecode.swift; path = Music_PlayerTests.swift; sourceTree = "<group>"; };
		9410E35D24E2DC1C0059786D /* Info.plist */ = {isa = PBXFileReference; lastKnownFileType = text.plist.xml; path = Info.plist; sourceTree = "<group>"; };
		9410E36224E2DC1C0059786D /* Music PlayerUITests.xctest */ = {isa = PBXFileReference; explicitFileType = wrapper.cfbundle; includeInIndex = 0; path = "Music PlayerUITests.xctest"; sourceTree = BUILT_PRODUCTS_DIR; };
		9410E36624E2DC1C0059786D /* Music_PlayerUITests.swift */ = {isa = PBXFileReference; lastKnownFileType = sourcecode.swift; path = Music_PlayerUITests.swift; sourceTree = "<group>"; };
		9410E36824E2DC1C0059786D /* Info.plist */ = {isa = PBXFileReference; lastKnownFileType = text.plist.xml; path = Info.plist; sourceTree = "<group>"; };
/* End PBXFileReference section */

/* Begin PBXFrameworksBuildPhase section */
		9410E33E24E2DC180059786D /* Frameworks */ = {
			isa = PBXFrameworksBuildPhase;
			buildActionMask = 2147483647;
			files = (
			);
			runOnlyForDeploymentPostprocessing = 0;
		};
		9410E35424E2DC1C0059786D /* Frameworks */ = {
			isa = PBXFrameworksBuildPhase;
			buildActionMask = 2147483647;
			files = (
			);
			runOnlyForDeploymentPostprocessing = 0;
		};
		9410E35F24E2DC1C0059786D /* Frameworks */ = {
			isa = PBXFrameworksBuildPhase;
			buildActionMask = 2147483647;
			files = (
			);
			runOnlyForDeploymentPostprocessing = 0;
		};
/* End PBXFrameworksBuildPhase section */

/* Begin PBXGroup section */
		9410E33824E2DC180059786D = {
			isa = PBXGroup;
			children = (
				9410E34324E2DC180059786D /* Music Player */,
				9410E35A24E2DC1C0059786D /* Music PlayerTests */,
				9410E36524E2DC1C0059786D /* Music PlayerUITests */,
				9410E34224E2DC180059786D /* Products */,
			);
			sourceTree = "<group>";
		};
		9410E34224E2DC180059786D /* Products */ = {
			isa = PBXGroup;
			children = (
				9410E34124E2DC180059786D /* Music Player.app */,
				9410E35724E2DC1C0059786D /* Music PlayerTests.xctest */,
				9410E36224E2DC1C0059786D /* Music PlayerUITests.xctest */,
			);
			name = Products;
			sourceTree = "<group>";
		};
		9410E34324E2DC180059786D /* Music Player */ = {
			isa = PBXGroup;
			children = (
				9410E34424E2DC180059786D /* AppDelegate.swift */,
				9410E34624E2DC180059786D /* SceneDelegate.swift */,
				9410E34824E2DC180059786D /* ContentView.swift */,
				9410E34A24E2DC1C0059786D /* Assets.xcassets */,
				9410E34F24E2DC1C0059786D /* LaunchScreen.storyboard */,
				9410E35224E2DC1C0059786D /* Info.plist */,
				9410E34C24E2DC1C0059786D /* Preview Content */,
			);
			path = "Music Player";
			sourceTree = "<group>";
		};
		9410E34C24E2DC1C0059786D /* Preview Content */ = {
			isa = PBXGroup;
			children = (
				9410E34D24E2DC1C0059786D /* Preview Assets.xcassets */,
			);
			path = "Preview Content";
			sourceTree = "<group>";
		};
		9410E35A24E2DC1C0059786D /* Music PlayerTests */ = {
			isa = PBXGroup;
			children = (
				9410E35B24E2DC1C0059786D /* Music_PlayerTests.swift */,
				9410E35D24E2DC1C0059786D /* Info.plist */,
			);
			path = "Music PlayerTests";
			sourceTree = "<group>";
		};
		9410E36524E2DC1C0059786D /* Music PlayerUITests */ = {
			isa = PBXGroup;
			children = (
				9410E36624E2DC1C0059786D /* Music_PlayerUITests.swift */,
				9410E36824E2DC1C0059786D /* Info.plist */,
			);
			path = "Music PlayerUITests";
			sourceTree = "<group>";
		};
/* End PBXGroup section */

/* Begin PBXNativeTarget section */
		9410E34024E2DC180059786D /* Music Player */ = {
			isa = PBXNativeTarget;
			buildConfigurationList = 9410E36B24E2DC1C0059786D /* Build configuration list for PBXNativeTarget "Music Player" */;
			buildPhases = (
				9410E33D24E2DC180059786D /* Sources */,
				9410E33E24E2DC180059786D /* Frameworks */,
				9410E33F24E2DC180059786D /* Resources */,
			);
			buildRules = (
			);
			dependencies = (
			);
			name = "Music Player";
			productName = "Music Player";
			productReference = 9410E34124E2DC180059786D /* Music Player.app */;
			productType = "com.apple.product-type.application";
		};
		9410E35624E2DC1C0059786D /* Music PlayerTests */ = {
			isa = PBXNativeTarget;
			buildConfigurationList = 9410E36E24E2DC1C0059786D /* Build configuration list for PBXNativeTarget "Music PlayerTests" */;
			buildPhases = (
				9410E35324E2DC1C0059786D /* Sources */,
				9410E35424E2DC1C0059786D /* Frameworks */,
				9410E35524E2DC1C0059786D /* Resources */,
			);
			buildRules = (
			);
			dependencies = (
				9410E35924E2DC1C0059786D /* PBXTargetDependency */,
			);
			name = "Music PlayerTests";
			productName = "Music PlayerTests";
			productReference = 9410E35724E2DC1C0059786D /* Music PlayerTests.xctest */;
			productType = "com.apple.product-type.bundle.unit-test";
		};
		9410E36124E2DC1C0059786D /* Music PlayerUITests */ = {
			isa = PBXNativeTarget;
			buildConfigurationList = 9410E37124E2DC1C0059786D /* Build configuration list for PBXNativeTarget "Music PlayerUITests" */;
			buildPhases = (
				9410E35E24E2DC1C0059786D /* Sources */,
				9410E35F24E2DC1C0059786D /* Frameworks */,
				9410E36024E2DC1C0059786D /* Resources */,
			);
			buildRules = (
			);
			dependencies = (
				9410E36424E2DC1C0059786D /* PBXTargetDependency */,
			);
			name = "Music PlayerUITests";
			productName = "Music PlayerUITests";
			productReference = 9410E36224E2DC1C0059786D /* Music PlayerUITests.xctest */;
			productType = "com.apple.product-type.bundle.ui-testing";
		};
/* End PBXNativeTarget section */

/* Begin PBXProject section */
		9410E33924E2DC180059786D /* Project object */ = {
			isa = PBXProject;
			attributes = {
				LastSwiftUpdateCheck = 1130;
				LastUpgradeCheck = 1130;
				ORGANIZATIONNAME = "Edlyn Liew ";
				TargetAttributes = {
					9410E34024E2DC180059786D = {
						CreatedOnToolsVersion = 11.3.1;
					};
					9410E35624E2DC1C0059786D = {
						CreatedOnToolsVersion = 11.3.1;
						TestTargetID = 9410E34024E2DC180059786D;
					};
					9410E36124E2DC1C0059786D = {
						CreatedOnToolsVersion = 11.3.1;
						TestTargetID = 9410E34024E2DC180059786D;
					};
				};
			};
			buildConfigurationList = 9410E33C24E2DC180059786D /* Build configuration list for PBXProject "Music Player" */;
			compatibilityVersion = "Xcode 9.3";
			developmentRegion = en;
			hasScannedForEncodings = 0;
			knownRegions = (
				en,
				Base,
			);
			mainGroup = 9410E33824E2DC180059786D;
			productRefGroup = 9410E34224E2DC180059786D /* Products */;
			projectDirPath = "";
			projectRoot = "";
			targets = (
				9410E34024E2DC180059786D /* Music Player */,
				9410E35624E2DC1C0059786D /* Music PlayerTests */,
				9410E36124E2DC1C0059786D /* Music PlayerUITests */,
			);
		};
/* End PBXProject section */

/* Begin PBXResourcesBuildPhase section */
		9410E33F24E2DC180059786D /* Resources */ = {
			isa = PBXResourcesBuildPhase;
			buildActionMask = 2147483647;
			files = (
				9410E35124E2DC1C0059786D /* LaunchScreen.storyboard in Resources */,
				9410E34E24E2DC1C0059786D /* Preview Assets.xcassets in Resources */,
				9410E34B24E2DC1C0059786D /* Assets.xcassets in Resources */,
			);
			runOnlyForDeploymentPostprocessing = 0;
		};
		9410E35524E2DC1C0059786D /* Resources */ = {
			isa = PBXResourcesBuildPhase;
			buildActionMask = 2147483647;
			files = (
			);
			runOnlyForDeploymentPostprocessing = 0;
		};
		9410E36024E2DC1C0059786D /* Resources */ = {
			isa = PBXResourcesBuildPhase;
			buildActionMask = 2147483647;
			files = (
			);
			runOnlyForDeploymentPostprocessing = 0;
		};
/* End PBXResourcesBuildPhase section */

/* Begin PBXSourcesBuildPhase section */
		9410E33D24E2DC180059786D /* Sources */ = {
			isa = PBXSourcesBuildPhase;
			buildActionMask = 2147483647;
			files = (
				9410E34524E2DC180059786D /* AppDelegate.swift in Sources */,
				9410E34724E2DC180059786D /* SceneDelegate.swift in Sources */,
				9410E34924E2DC180059786D /* ContentView.swift in Sources */,
			);
			runOnlyForDeploymentPostprocessing = 0;
		};
		9410E35324E2DC1C0059786D /* Sources */ = {
			isa = PBXSourcesBuildPhase;
			buildActionMask = 2147483647;
			files = (
				9410E35C24E2DC1C0059786D /* Music_PlayerTests.swift in Sources */,
			);
			runOnlyForDeploymentPostprocessing = 0;
		};
		9410E35E24E2DC1C0059786D /* Sources */ = {
			isa = PBXSourcesBuildPhase;
			buildActionMask = 2147483647;
			files = (
				9410E36724E2DC1C0059786D /* Music_PlayerUITests.swift in Sources */,
			);
			runOnlyForDeploymentPostprocessing = 0;
		};
/* End PBXSourcesBuildPhase section */

/* Begin PBXTargetDependency section */
		9410E35924E2DC1C0059786D /* PBXTargetDependency */ = {
			isa = PBXTargetDependency;
			target = 9410E34024E2DC180059786D /* Music Player */;
			targetProxy = 9410E35824E2DC1C0059786D /* PBXContainerItemProxy */;
		};
		9410E36424E2DC1C0059786D /* PBXTargetDependency */ = {
			isa = PBXTargetDependency;
			target = 9410E34024E2DC180059786D /* Music Player */;
			targetProxy = 9410E36324E2DC1C0059786D /* PBXContainerItemProxy */;
		};
/* End PBXTargetDependency section */

/* Begin PBXVariantGroup section */
		9410E34F24E2DC1C0059786D /* LaunchScreen.storyboard */ = {
			isa = PBXVariantGroup;
			children = (
				9410E35024E2DC1C0059786D /* Base */,
			);
			name = LaunchScreen.storyboard;
			sourceTree = "<group>";
		};
/* End PBXVariantGroup section */

/* Begin XCBuildConfiguration section */
		9410E36924E2DC1C0059786D /* Debug */ = {
			isa = XCBuildConfiguration;
			buildSettings = {
				ALWAYS_SEARCH_USER_PATHS = NO;
				CLANG_ANALYZER_NONNULL = YES;
				CLANG_ANALYZER_NUMBER_OBJECT_CONVERSION = YES_AGGRESSIVE;
				CLANG_CXX_LANGUAGE_STANDARD = "gnu++14";
				CLANG_CXX_LIBRARY = "libc++";
				CLANG_ENABLE_MODULES = YES;
				CLANG_ENABLE_OBJC_ARC = YES;
				CLANG_ENABLE_OBJC_WEAK = YES;
				CLANG_WARN_BLOCK_CAPTURE_AUTORELEASING = YES;
				CLANG_WARN_BOOL_CONVERSION = YES;
				CLANG_WARN_COMMA = YES;
				CLANG_WARN_CONSTANT_CONVERSION = YES;
				CLANG_WARN_DEPRECATED_OBJC_IMPLEMENTATIONS = YES;
				CLANG_WARN_DIRECT_OBJC_ISA_USAGE = YES_ERROR;
				CLANG_WARN_DOCUMENTATION_COMMENTS = YES;
				CLANG_WARN_EMPTY_BODY = YES;
				CLANG_WARN_ENUM_CONVERSION = YES;
				CLANG_WARN_INFINITE_RECURSION = YES;
				CLANG_WARN_INT_CONVERSION = YES;
				CLANG_WARN_NON_LITERAL_NULL_CONVERSION = YES;
				CLANG_WARN_OBJC_IMPLICIT_RETAIN_SELF = YES;
				CLANG_WARN_OBJC_LITERAL_CONVERSION = YES;
				CLANG_WARN_OBJC_ROOT_CLASS = YES_ERROR;
				CLANG_WARN_RANGE_LOOP_ANALYSIS = YES;
				CLANG_WARN_STRICT_PROTOTYPES = YES;
				CLANG_WARN_SUSPICIOUS_MOVE = YES;
				CLANG_WARN_UNGUARDED_AVAILABILITY = YES_AGGRESSIVE;
				CLANG_WARN_UNREACHABLE_CODE = YES;
				CLANG_WARN__DUPLICATE_METHOD_MATCH = YES;
				COPY_PHASE_STRIP = NO;
				DEBUG_INFORMATION_FORMAT = dwarf;
				ENABLE_STRICT_OBJC_MSGSEND = YES;
				ENABLE_TESTABILITY = YES;
				GCC_C_LANGUAGE_STANDARD = gnu11;
				GCC_DYNAMIC_NO_PIC = NO;
				GCC_NO_COMMON_BLOCKS = YES;
				GCC_OPTIMIZATION_LEVEL = 0;
				GCC_PREPROCESSOR_DEFINITIONS = (
					"DEBUG=1",
					"$(inherited)",
				);
				GCC_WARN_64_TO_32_BIT_CONVERSION = YES;
				GCC_WARN_ABOUT_RETURN_TYPE = YES_ERROR;
				GCC_WARN_UNDECLARED_SELECTOR = YES;
				GCC_WARN_UNINITIALIZED_AUTOS = YES_AGGRESSIVE;
				GCC_WARN_UNUSED_FUNCTION = YES;
				GCC_WARN_UNUSED_VARIABLE = YES;
				IPHONEOS_DEPLOYMENT_TARGET = 13.2;
				MTL_ENABLE_DEBUG_INFO = INCLUDE_SOURCE;
				MTL_FAST_MATH = YES;
				ONLY_ACTIVE_ARCH = YES;
				SDKROOT = iphoneos;
				SWIFT_ACTIVE_COMPILATION_CONDITIONS = DEBUG;
				SWIFT_OPTIMIZATION_LEVEL = "-Onone";
			};
			name = Debug;
		};
		9410E36A24E2DC1C0059786D /* Release */ = {
			isa = XCBuildConfiguration;
			buildSettings = {
				ALWAYS_SEARCH_USER_PATHS = NO;
				CLANG_ANALYZER_NONNULL = YES;
				CLANG_ANALYZER_NUMBER_OBJECT_CONVERSION = YES_AGGRESSIVE;
				CLANG_CXX_LANGUAGE_STANDARD = "gnu++14";
				CLANG_CXX_LIBRARY = "libc++";
				CLANG_ENABLE_MODULES = YES;
				CLANG_ENABLE_OBJC_ARC = YES;
				CLANG_ENABLE_OBJC_WEAK = YES;
				CLANG_WARN_BLOCK_CAPTURE_AUTORELEASING = YES;
				CLANG_WARN_BOOL_CONVERSION = YES;
				CLANG_WARN_COMMA = YES;
				CLANG_WARN_CONSTANT_CONVERSION = YES;
				CLANG_WARN_DEPRECATED_OBJC_IMPLEMENTATIONS = YES;
				CLANG_WARN_DIRECT_OBJC_ISA_USAGE = YES_ERROR;
				CLANG_WARN_DOCUMENTATION_COMMENTS = YES;
				CLANG_WARN_EMPTY_BODY = YES;
				CLANG_WARN_ENUM_CONVERSION = YES;
				CLANG_WARN_INFINITE_RECURSION = YES;
				CLANG_WARN_INT_CONVERSION = YES;
				CLANG_WARN_NON_LITERAL_NULL_CONVERSION = YES;
				CLANG_WARN_OBJC_IMPLICIT_RETAIN_SELF = YES;
				CLANG_WARN_OBJC_LITERAL_CONVERSION = YES;
				CLANG_WARN_OBJC_ROOT_CLASS = YES_ERROR;
				CLANG_WARN_RANGE_LOOP_ANALYSIS = YES;
				CLANG_WARN_STRICT_PROTOTYPES = YES;
				CLANG_WARN_SUSPICIOUS_MOVE = YES;
				CLANG_WARN_UNGUARDED_AVAILABILITY = YES_AGGRESSIVE;
				CLANG_WARN_UNREACHABLE_CODE = YES;
				CLANG_WARN__DUPLICATE_METHOD_MATCH = YES;
				COPY_PHASE_STRIP = NO;
				DEBUG_INFORMATION_FORMAT = "dwarf-with-dsym";
				ENABLE_NS_ASSERTIONS = NO;
				ENABLE_STRICT_OBJC_MSGSEND = YES;
				GCC_C_LANGUAGE_STANDARD = gnu11;
				GCC_NO_COMMON_BLOCKS = YES;
				GCC_WARN_64_TO_32_BIT_CONVERSION = YES;
				GCC_WARN_ABOUT_RETURN_TYPE = YES_ERROR;
				GCC_WARN_UNDECLARED_SELECTOR = YES;
				GCC_WARN_UNINITIALIZED_AUTOS = YES_AGGRESSIVE;
				GCC_WARN_UNUSED_FUNCTION = YES;
				GCC_WARN_UNUSED_VARIABLE = YES;
				IPHONEOS_DEPLOYMENT_TARGET = 13.2;
				MTL_ENABLE_DEBUG_INFO = NO;
				MTL_FAST_MATH = YES;
				SDKROOT = iphoneos;
				SWIFT_COMPILATION_MODE = wholemodule;
				SWIFT_OPTIMIZATION_LEVEL = "-O";
				VALIDATE_PRODUCT = YES;
			};
			name = Release;
		};
		9410E36C24E2DC1C0059786D /* Debug */ = {
			isa = XCBuildConfiguration;
			buildSettings = {
				ASSETCATALOG_COMPILER_APPICON_NAME = AppIcon;
				CODE_SIGN_STYLE = Automatic;
				DEVELOPMENT_ASSET_PATHS = "\"Music Player/Preview Content\"";
				ENABLE_PREVIEWS = YES;
				INFOPLIST_FILE = "Music Player/Info.plist";
				LD_RUNPATH_SEARCH_PATHS = (
					"$(inherited)",
					"@executable_path/Frameworks",
				);
				PRODUCT_BUNDLE_IDENTIFIER = "Edlyn.Music-Player";
				PRODUCT_NAME = "$(TARGET_NAME)";
				SWIFT_VERSION = 5.0;
				TARGETED_DEVICE_FAMILY = "1,2";
			};
			name = Debug;
		};
		9410E36D24E2DC1C0059786D /* Release */ = {
			isa = XCBuildConfiguration;
			buildSettings = {
				ASSETCATALOG_COMPILER_APPICON_NAME = AppIcon;
				CODE_SIGN_STYLE = Automatic;
				DEVELOPMENT_ASSET_PATHS = "\"Music Player/Preview Content\"";
				ENABLE_PREVIEWS = YES;
				INFOPLIST_FILE = "Music Player/Info.plist";
				LD_RUNPATH_SEARCH_PATHS = (
					"$(inherited)",
					"@executable_path/Frameworks",
				);
				PRODUCT_BUNDLE_IDENTIFIER = "Edlyn.Music-Player";
				PRODUCT_NAME = "$(TARGET_NAME)";
				SWIFT_VERSION = 5.0;
				TARGETED_DEVICE_FAMILY = "1,2";
			};
			name = Release;
		};
		9410E36F24E2DC1C0059786D /* Debug */ = {
			isa = XCBuildConfiguration;
			buildSettings = {
				ALWAYS_EMBED_SWIFT_STANDARD_LIBRARIES = YES;
				BUNDLE_LOADER = "$(TEST_HOST)";
				CODE_SIGN_STYLE = Automatic;
				INFOPLIST_FILE = "Music PlayerTests/Info.plist";
				IPHONEOS_DEPLOYMENT_TARGET = 13.2;
				LD_RUNPATH_SEARCH_PATHS = (
					"$(inherited)",
					"@executable_path/Frameworks",
					"@loader_path/Frameworks",
				);
				PRODUCT_BUNDLE_IDENTIFIER = "Edlyn.Music-PlayerTests";
				PRODUCT_NAME = "$(TARGET_NAME)";
				SWIFT_VERSION = 5.0;
				TARGETED_DEVICE_FAMILY = "1,2";
				TEST_HOST = "$(BUILT_PRODUCTS_DIR)/Music Player.app/Music Player";
			};
			name = Debug;
		};
		9410E37024E2DC1C0059786D /* Release */ = {
			isa = XCBuildConfiguration;
			buildSettings = {
				ALWAYS_EMBED_SWIFT_STANDARD_LIBRARIES = YES;
				BUNDLE_LOADER = "$(TEST_HOST)";
				CODE_SIGN_STYLE = Automatic;
				INFOPLIST_FILE = "Music PlayerTests/Info.plist";
				IPHONEOS_DEPLOYMENT_TARGET = 13.2;
				LD_RUNPATH_SEARCH_PATHS = (
					"$(inherited)",
					"@executable_path/Frameworks",
					"@loader_path/Frameworks",
				);
				PRODUCT_BUNDLE_IDENTIFIER = "Edlyn.Music-PlayerTests";
				PRODUCT_NAME = "$(TARGET_NAME)";
				SWIFT_VERSION = 5.0;
				TARGETED_DEVICE_FAMILY = "1,2";
				TEST_HOST = "$(BUILT_PRODUCTS_DIR)/Music Player.app/Music Player";
			};
			name = Release;
		};
		9410E37224E2DC1C0059786D /* Debug */ = {
			isa = XCBuildConfiguration;
			buildSettings = {
				ALWAYS_EMBED_SWIFT_STANDARD_LIBRARIES = YES;
				CODE_SIGN_STYLE = Automatic;
				INFOPLIST_FILE = "Music PlayerUITests/Info.plist";
				LD_RUNPATH_SEARCH_PATHS = (
					"$(inherited)",
					"@executable_path/Frameworks",
					"@loader_path/Frameworks",
				);
				PRODUCT_BUNDLE_IDENTIFIER = "Edlyn.Music-PlayerUITests";
				PRODUCT_NAME = "$(TARGET_NAME)";
				SWIFT_VERSION = 5.0;
				TARGETED_DEVICE_FAMILY = "1,2";
				TEST_TARGET_NAME = "Music Player";
			};
			name = Debug;
		};
		9410E37324E2DC1C0059786D /* Release */ = {
			isa = XCBuildConfiguration;
			buildSettings = {
				ALWAYS_EMBED_SWIFT_STANDARD_LIBRARIES = YES;
				CODE_SIGN_STYLE = Automatic;
				INFOPLIST_FILE = "Music PlayerUITests/Info.plist";
				LD_RUNPATH_SEARCH_PATHS = (
					"$(inherited)",
					"@executable_path/Frameworks",
					"@loader_path/Frameworks",
				);
				PRODUCT_BUNDLE_IDENTIFIER = "Edlyn.Music-PlayerUITests";
				PRODUCT_NAME = "$(TARGET_NAME)";
				SWIFT_VERSION = 5.0;
				TARGETED_DEVICE_FAMILY = "1,2";
				TEST_TARGET_NAME = "Music Player";
			};
			name = Release;
		};
/* End XCBuildConfiguration section */

/* Begin XCConfigurationList section */
		9410E33C24E2DC180059786D /* Build configuration list for PBXProject "Music Player" */ = {
			isa = XCConfigurationList;
			buildConfigurations = (
				9410E36924E2DC1C0059786D /* Debug */,
				9410E36A24E2DC1C0059786D /* Release */,
			);
			defaultConfigurationIsVisible = 0;
			defaultConfigurationName = Release;
		};
		9410E36B24E2DC1C0059786D /* Build configuration list for PBXNativeTarget "Music Player" */ = {
			isa = XCConfigurationList;
			buildConfigurations = (
				9410E36C24E2DC1C0059786D /* Debug */,
				9410E36D24E2DC1C0059786D /* Release */,
			);
			defaultConfigurationIsVisible = 0;
			defaultConfigurationName = Release;
		};
		9410E36E24E2DC1C0059786D /* Build configuration list for PBXNativeTarget "Music PlayerTests" */ = {
			isa = XCConfigurationList;
			buildConfigurations = (
				9410E36F24E2DC1C0059786D /* Debug */,
				9410E37024E2DC1C0059786D /* Release */,
			);
			defaultConfigurationIsVisible = 0;
			defaultConfigurationName = Release;
		};
		9410E37124E2DC1C0059786D /* Build configuration list for PBXNativeTarget "Music PlayerUITests" */ = {
			isa = XCConfigurationList;
			buildConfigurations = (
				9410E37224E2DC1C0059786D /* Debug */,
				9410E37324E2DC1C0059786D /* Release */,
			);
			defaultConfigurationIsVisible = 0;
			defaultConfigurationName = Release;
		};
/* End XCConfigurationList section */
	};
	rootObject = 9410E33924E2DC180059786D /* Project object */;
}
